// !$*UTF8*$!
{
	archiveVersion = 1;
	classes = {
	};
	objectVersion = 77;
	objects = {

	/* Begin PBXBuildFile section */
		E0962253FBCE626FDF1B1A1E /* main.swift in Sources */ = {isa = PBXBuildFile; fileRef = 9C84505BC79E0824564E6BEC /* main.swift */; };
		EA21ADA9CFD62FC9977B3933 /* AppDelegate.swift in Sources */ = {isa = PBXBuildFile; fileRef = 8F57FB117E204A010345A1DB /* AppDelegate.swift */; };
		4DD81AFB13B790075B4857A5 /* index.html in Resources */ = {isa = PBXBuildFile; fileRef = D5D0E78BA73F8360F781AB6D /* index.html */; };
		F74077D0766ACAF76D776610 /* Assets.xcassets in Resources */ = {isa = PBXBuildFile; fileRef = D7BA8CDCE55AD859756C908D /* Assets.xcassets */; };
	/* End PBXBuildFile section */

	/* Begin PBXFileReference section */
		ED160D86F4F59187308C3B77 /* 贪吃蛇.app */ = {isa = PBXFileReference; explicitFileType = wrapper.application; includeInIndex = 0; path = "贪吃蛇.app"; sourceTree = BUILT_PRODUCTS_DIR; };
		9C84505BC79E0824564E6BEC /* main.swift */ = {isa = PBXFileReference; lastKnownFileType = sourcecode.swift; path = main.swift; sourceTree = "<group>"; };
		8F57FB117E204A010345A1DB /* AppDelegate.swift */ = {isa = PBXFileReference; lastKnownFileType = sourcecode.swift; path = AppDelegate.swift; sourceTree = "<group>"; };
		E51A7A1A03ED8C8C6C079465 /* Info.plist */ = {isa = PBXFileReference; lastKnownFileType = text.plist.xml; path = Info.plist; sourceTree = "<group>"; };
		D5D0E78BA73F8360F781AB6D /* index.html */ = {isa = PBXFileReference; lastKnownFileType = text.html; path = index.html; sourceTree = "<group>"; };
		D7BA8CDCE55AD859756C908D /* Assets.xcassets */ = {isa = PBXFileReference; lastKnownFileType = folder.assetcatalog; path = Assets.xcassets; sourceTree = "<group>"; };
	/* End PBXFileReference section */

	/* Begin PBXFrameworksBuildPhase section */
		B804F492588F3A2BE5BD7707 /* Frameworks */ = {
			isa = PBXFrameworksBuildPhase;
			buildActionMask = 2147483647;
			files = (
			);
			runOnlyForDeploymentPostprocessing = 0;
		};
	/* End PBXFrameworksBuildPhase section */

	/* Begin PBXGroup section */
		EC6AE75C017423A0C5A951A8 = {
			isa = PBXGroup;
			children = (
				D5D0E78BA73F8360F781AB6D /* index.html */,
				F886048B9A7445165773F06D /* SnakeGame */,
				942A9A1A63793D61082FFAA8 /* Products */,
			);
			sourceTree = "<group>";
		};
		F886048B9A7445165773F06D /* SnakeGame */ = {
			isa = PBXGroup;
			children = (
				9C84505BC79E0824564E6BEC /* main.swift */,
				8F57FB117E204A010345A1DB /* AppDelegate.swift */,
				E51A7A1A03ED8C8C6C079465 /* Info.plist */,
				D7BA8CDCE55AD859756C908D /* Assets.xcassets */,
			);
			path = SnakeGame;
			sourceTree = "<group>";
		};
		942A9A1A63793D61082FFAA8 /* Products */ = {
			isa = PBXGroup;
			children = (
				ED160D86F4F59187308C3B77 /* 贪吃蛇.app */,
			);
			name = Products;
			sourceTree = "<group>";
		};
	/* End PBXGroup section */

	/* Begin PBXNativeTarget section */
		8796EC6A87564C187A908CD6 /* SnakeGame */ = {
			isa = PBXNativeTarget;
			buildConfigurationList = 249E4D84703C93450927DBB4 /* Build configuration list for PBXNativeTarget "SnakeGame" */;
			buildPhases = (
				A8845CE5F531D368403AFF88 /* Sources */,
				B804F492588F3A2BE5BD7707 /* Frameworks */,
				8E8A406124A99A2C1D9A1238 /* Resources */,
			);
			buildRules = (
			);
			dependencies = (
			);
			name = SnakeGame;
			packageProductDependencies = (
			);
			productName = SnakeGame;
			productReference = ED160D86F4F59187308C3B77 /* 贪吃蛇.app */;
			productType = "com.apple.product-type.application";
		};
	/* End PBXNativeTarget section */

	/* Begin PBXProject section */
		888FA7AD45B284A1304C02A5 /* Project object */ = {
			isa = PBXProject;
			attributes = {
				BuildIndependentTargetsInParallel = 1;
				LastSwiftUpdateCheck = 2600;
				LastUpgradeCheck = 2600;
				TargetAttributes = {
					8796EC6A87564C187A908CD6 = {
						CreatedOnToolsVersion = 26.0;
					};
				};
			};
			buildConfigurationList = E218C3791B52AB5D30EEDBEF /* Build configuration list for PBXProject "SnakeGame" */;
			compatibilityVersion = "Xcode 14.0";
			developmentRegion = "zh-Hans";
			hasScannedForEncodings = 0;
			knownRegions = (
				en,
				Base,
				"zh-Hans",
			);
			mainGroup = EC6AE75C017423A0C5A951A8;
			productRefGroup = 942A9A1A63793D61082FFAA8 /* Products */;
			projectDirPath = "";
			projectRoot = "";
			targets = (
				8796EC6A87564C187A908CD6 /* SnakeGame */,
			);
		};
	/* End PBXProject section */

	/* Begin PBXResourcesBuildPhase section */
		8E8A406124A99A2C1D9A1238 /* Resources */ = {
			isa = PBXResourcesBuildPhase;
			buildActionMask = 2147483647;
			files = (
				4DD81AFB13B790075B4857A5 /* index.html in Resources */,
				F74077D0766ACAF76D776610 /* Assets.xcassets in Resources */,
			);
			runOnlyForDeploymentPostprocessing = 0;
		};
	/* End PBXResourcesBuildPhase section */

	/* Begin PBXSourcesBuildPhase section */
		A8845CE5F531D368403AFF88 /* Sources */ = {
			isa = PBXSourcesBuildPhase;
			buildActionMask = 2147483647;
			files = (
				E0962253FBCE626FDF1B1A1E /* main.swift in Sources */,
				EA21ADA9CFD62FC9977B3933 /* AppDelegate.swift in Sources */,
			);
			runOnlyForDeploymentPostprocessing = 0;
		};
	/* End PBXSourcesBuildPhase section */

	/* Begin XCBuildConfiguration section */
		C7FDDEF61E865370DDD1D0EA /* Debug */ = {
			isa = XCBuildConfiguration;
			buildSettings = {
				ALWAYS_SEARCH_USER_PATHS = NO;
				ASSETCATALOG_COMPILER_GENERATE_SWIFT_ASSET_SYMBOL_EXTENSIONS = YES;
				CLANG_ANALYZER_NONNULL = YES;
				CLANG_CXX_LANGUAGE_STANDARD = "gnu++20";
				CLANG_ENABLE_MODULES = YES;
				CLANG_ENABLE_OBJC_ARC = YES;
				COPY_PHASE_STRIP = NO;
				DEBUG_INFORMATION_FORMAT = dwarf;
				ENABLE_STRICT_OBJC_MSGSEND = YES;
				ENABLE_TESTABILITY = YES;
				GCC_DYNAMIC_NO_PIC = NO;
				GCC_OPTIMIZATION_LEVEL = 0;
				GCC_PREPROCESSOR_DEFINITIONS = (
					"DEBUG=1",
					"$(inherited)",
				);
				MACOSX_DEPLOYMENT_TARGET = 26.0;
				MTL_ENABLE_DEBUG_INFO = INCLUDE_SOURCE;
				ONLY_ACTIVE_ARCH = YES;
				SDKROOT = macosx;
				SWIFT_ACTIVE_COMPILATION_CONDITIONS = DEBUG;
				SWIFT_OPTIMIZATION_LEVEL = "-Onone";
			};
			name = Debug;
		};
		9F64FFE0E383BF4ECB61F570 /* Release */ = {
			isa = XCBuildConfiguration;
			buildSettings = {
				ALWAYS_SEARCH_USER_PATHS = NO;
				ASSETCATALOG_COMPILER_GENERATE_SWIFT_ASSET_SYMBOL_EXTENSIONS = YES;
				CLANG_ANALYZER_NONNULL = YES;
				CLANG_CXX_LANGUAGE_STANDARD = "gnu++20";
				CLANG_ENABLE_MODULES = YES;
				CLANG_ENABLE_OBJC_ARC = YES;
				COPY_PHASE_STRIP = NO;
				DEBUG_INFORMATION_FORMAT = "dwarf-with-dsym";
				ENABLE_NS_ASSERTIONS = NO;
				ENABLE_STRICT_OBJC_MSGSEND = YES;
				GCC_OPTIMIZATION_LEVEL = s;
				MACOSX_DEPLOYMENT_TARGET = 26.0;
				MTL_ENABLE_DEBUG_INFO = NO;
				SDKROOT = macosx;
				SWIFT_COMPILATION_MODE = wholemodule;
				SWIFT_OPTIMIZATION_LEVEL = "-O";
				VALIDATE_PRODUCT = YES;
			};
			name = Release;
		};
		32C49499D952F50238BDEF38 /* Debug */ = {
			isa = XCBuildConfiguration;
			buildSettings = {
				ASSETCATALOG_COMPILER_APPICON_NAME = AppIcon;
				CODE_SIGN_STYLE = Automatic;
				COMBINE_HIDPI_IMAGES = YES;
				CURRENT_PROJECT_VERSION = 1;
				ENABLE_HARDENED_RUNTIME = YES;
				GENERATE_INFOPLIST_FILE = NO;
				INFOPLIST_FILE = SnakeGame/Info.plist;
				LD_RUNPATH_SEARCH_PATHS = (
					"$(inherited)",
					"@executable_path/../Frameworks",
				);
				MARKETING_VERSION = 1.0;
				PRODUCT_BUNDLE_IDENTIFIER = com.snakegame.app;
				PRODUCT_NAME = "贪吃蛇";
				SWIFT_EMIT_LOC_STRINGS = YES;
				SWIFT_VERSION = 5.0;
			};
			name = Debug;
		};
		FAAF6FD938A20E5908B8FFD2 /* Release */ = {
			isa = XCBuildConfiguration;
			buildSettings = {
				ASSETCATALOG_COMPILER_APPICON_NAME = AppIcon;
				CODE_SIGN_STYLE = Automatic;
				COMBINE_HIDPI_IMAGES = YES;
				CURRENT_PROJECT_VERSION = 1;
				ENABLE_HARDENED_RUNTIME = YES;
				GENERATE_INFOPLIST_FILE = NO;
				INFOPLIST_FILE = SnakeGame/Info.plist;
				LD_RUNPATH_SEARCH_PATHS = (
					"$(inherited)",
					"@executable_path/../Frameworks",
				);
				MARKETING_VERSION = 1.0;
				PRODUCT_BUNDLE_IDENTIFIER = com.snakegame.app;
				PRODUCT_NAME = "贪吃蛇";
				SWIFT_EMIT_LOC_STRINGS = YES;
				SWIFT_VERSION = 5.0;
			};
			name = Release;
		};
	/* End XCBuildConfiguration section */

	/* Begin XCConfigurationList section */
		E218C3791B52AB5D30EEDBEF /* Build configuration list for PBXProject "SnakeGame" */ = {
			isa = XCConfigurationList;
			buildConfigurations = (
				C7FDDEF61E865370DDD1D0EA /* Debug */,
				9F64FFE0E383BF4ECB61F570 /* Release */,
			);
			defaultConfigurationIsVisible = 0;
			defaultConfigurationName = Release;
		};
		249E4D84703C93450927DBB4 /* Build configuration list for PBXNativeTarget "SnakeGame" */ = {
			isa = XCConfigurationList;
			buildConfigurations = (
				32C49499D952F50238BDEF38 /* Debug */,
				FAAF6FD938A20E5908B8FFD2 /* Release */,
			);
			defaultConfigurationIsVisible = 0;
			defaultConfigurationName = Release;
		};
	/* End XCConfigurationList section */
	};
	rootObject = 888FA7AD45B284A1304C02A5 /* Project object */;
}
